
Microsoft Visual Studio Solution File, Format Version 12.00
# Visual Studio Version 17
VisualStudioVersion = 17.3.32922.545
MinimumVisualStudioVersion = 10.0.40219.1
Project("{FAE04EC0-301F-11D3-BF4B-00C04F79EFBC}") = "get_set_methods", "get_set_methods\get_set_methods.csproj", "{396FB3E1-B5DC-43BC-B363-53705DF3877C}"
EndProject
Global
	GlobalSection(SolutionConfigurationPlatforms) = preSolution
		Debug|Any CPU = Debug|Any CPU
		Release|Any CPU = Release|Any CPU
	EndGlobalSection
	GlobalSection(ProjectConfigurationPlatforms) = postSolution
		{396FB3E1-B5DC-43BC-B363-53705DF3877C}.Debug|Any CPU.ActiveCfg = Debug|Any CPU
		{396FB3E1-B5DC-43BC-B363-53705DF3877C}.Debug|Any CPU.Build.0 = Debug|Any CPU
		{396FB3E1-B5DC-43BC-B363-53705DF3877C}.Release|Any CPU.ActiveCfg = Release|Any CPU
		{396FB3E1-B5DC-43BC-B363-53705DF3877C}.Release|Any CPU.Build.0 = Release|Any CPU
	EndGlobalSection
	GlobalSection(SolutionProperties) = preSolution
		HideSolutionNode = FALSE
	EndGlobalSection
	GlobalSection(ExtensibilityGlobals) = postSolution
		SolutionGuid = {6E10C558-D29B-46A9-AFD3-28DFD75492D3}
	EndGlobalSection
EndGlobal
